
Microsoft Visual Studio Solution File, Format Version 12.00
# Visual Studio Version 17
VisualStudioVersion = 17.7.34031.279
MinimumVisualStudioVersion = 10.0.40219.1
Project("{FAE04EC0-301F-11D3-BF4B-00C04F79EFBC}") = "PropertyBasedTesting", "PropertyBasedTesting\PropertyBasedTesting.csproj", "{024277CB-933B-4A92-AE16-0AF2CBBC3A4D}"
EndProject
Global
	GlobalSection(SolutionConfigurationPlatforms) = preSolution
		Debug|Any CPU = Debug|Any CPU
		Release|Any CPU = Release|Any CPU
	EndGlobalSection
	GlobalSection(ProjectConfigurationPlatforms) = postSolution
		{024277CB-933B-4A92-AE16-0AF2CBBC3A4D}.Debug|Any CPU.ActiveCfg = Debug|Any CPU
		{024277CB-933B-4A92-AE16-0AF2CBBC3A4D}.Debug|Any CPU.Build.0 = Debug|Any CPU
		{024277CB-933B-4A92-AE16-0AF2CBBC3A4D}.Release|Any CPU.ActiveCfg = Release|Any CPU
		{024277CB-933B-4A92-AE16-0AF2CBBC3A4D}.Release|Any CPU.Build.0 = Release|Any CPU
	EndGlobalSection
	GlobalSection(SolutionProperties) = preSolution
		HideSolutionNode = FALSE
	EndGlobalSection
	GlobalSection(ExtensibilityGlobals) = postSolution
		SolutionGuid = {107C3BA2-8A70-4FC2-AE2A-898B353B94CD}
	EndGlobalSection
EndGlobal
